
Microsoft Visual Studio Solution File, Format Version 11.00
# Visual Studio 2010
Project("{FAE04EC0-301F-11D3-BF4B-00C04F79EFBC}") = "Effulgence", "Assembly-CSharp.csproj", "{8E89AE2D-4303-5CFA-3655-1BFE646BA435}"
EndProject
Project("{FAE04EC0-301F-11D3-BF4B-00C04F79EFBC}") = "Effulgence", "Assembly-CSharp-Editor.csproj", "{6EF6BED2-AD97-5393-338A-89D224D262F9}"
EndProject
Global
	GlobalSection(SolutionConfigurationPlatforms) = preSolution
		Debug|Any CPU = Debug|Any CPU
		Release|Any CPU = Release|Any CPU
	EndGlobalSection
	GlobalSection(ProjectConfigurationPlatforms) = postSolution
		{8E89AE2D-4303-5CFA-3655-1BFE646BA435}.Debug|Any CPU.ActiveCfg = Debug|Any CPU
		{8E89AE2D-4303-5CFA-3655-1BFE646BA435}.Debug|Any CPU.Build.0 = Debug|Any CPU
		{8E89AE2D-4303-5CFA-3655-1BFE646BA435}.Release|Any CPU.ActiveCfg = Release|Any CPU
		{8E89AE2D-4303-5CFA-3655-1BFE646BA435}.Release|Any CPU.Build.0 = Release|Any CPU
		{6EF6BED2-AD97-5393-338A-89D224D262F9}.Debug|Any CPU.ActiveCfg = Debug|Any CPU
		{6EF6BED2-AD97-5393-338A-89D224D262F9}.Debug|Any CPU.Build.0 = Debug|Any CPU
		{6EF6BED2-AD97-5393-338A-89D224D262F9}.Release|Any CPU.ActiveCfg = Release|Any CPU
		{6EF6BED2-AD97-5393-338A-89D224D262F9}.Release|Any CPU.Build.0 = Release|Any CPU
	EndGlobalSection
	GlobalSection(SolutionProperties) = preSolution
		HideSolutionNode = FALSE
	EndGlobalSection
	GlobalSection(MonoDevelopProperties) = preSolution
		StartupItem = Assembly-CSharp.csproj
	EndGlobalSection
EndGlobal
